{
  "name": "dmishchuk",
  "version": "0.0.1",
  "dependencies": {
    "crypto": {
      "version": "0.0.3",
      "from": "crypto@",
      "resolved": "https://registry.npmjs.org/crypto/-/crypto-0.0.3.tgz"
    },
    "express": {
      "version": "4.4.1",
      "from": "express@4.x",
      "resolved": "https://registry.npmjs.org/express/-/express-4.4.1.tgz",
      "dependencies": {
        "accepts": {
          "version": "1.0.2",
          "from": "accepts@1.0.2",
          "resolved": "https://registry.npmjs.org/accepts/-/accepts-1.0.2.tgz",
          "dependencies": {
            "mime": {
              "version": "1.2.11",
              "from": "mime@~1.2.11",
              "resolved": "https://registry.npmjs.org/mime/-/mime-1.2.11.tgz"
            },
            "negotiator": {
              "version": "0.4.5",
              "from": "negotiator@0.4.5",
              "resolved": "https://registry.npmjs.org/negotiator/-/negotiator-0.4.5.tgz"
            }
          }
        },
        "buffer-crc32": {
          "version": "0.2.1",
          "from": "buffer-crc32@0.2.1",
          "resolved": "https://registry.npmjs.org/buffer-crc32/-/buffer-crc32-0.2.1.tgz"
        },
        "methods": {
          "version": "1.0.1",
          "from": "methods@1.0.1",
          "resolved": "https://registry.npmjs.org/methods/-/methods-1.0.1.tgz"
        },
        "parseurl": {
          "version": "1.0.1",
          "from": "parseurl@1.0.1",
          "resolved": "https://registry.npmjs.org/parseurl/-/parseurl-1.0.1.tgz"
        },
        "proxy-addr": {
          "version": "1.0.0",
          "from": "proxy-addr@1.0.0",
          "resolved": "https://registry.npmjs.org/proxy-addr/-/proxy-addr-1.0.0.tgz",
          "dependencies": {
            "ipaddr.js": {
              "version": "0.1.2",
              "from": "ipaddr.js@0.1.2",
              "resolved": "https://registry.npmjs.org/ipaddr.js/-/ipaddr.js-0.1.2.tgz"
            }
          }
        },
        "range-parser": {
          "version": "1.0.0",
          "from": "range-parser@1.0.0",
          "resolved": "https://registry.npmjs.org/range-parser/-/range-parser-1.0.0.tgz"
        },
        "send": {
          "version": "0.4.1",
          "from": "send@0.4.1",
          "resolved": "https://registry.npmjs.org/send/-/send-0.4.1.tgz",
          "dependencies": {
            "finished": {
              "version": "1.1.4",
              "from": "finished@1.1.4",
              "resolved": "https://registry.npmjs.org/finished/-/finished-1.1.4.tgz"
            },
            "mime": {
              "version": "1.2.11",
              "from": "mime@~1.2.11",
              "resolved": "https://registry.npmjs.org/mime/-/mime-1.2.11.tgz"
            }
          }
        },
        "serve-static": {
          "version": "1.2.1",
          "from": "serve-static@1.2.1",
          "resolved": "https://registry.npmjs.org/serve-static/-/serve-static-1.2.1.tgz"
        },
        "type-is": {
          "version": "1.2.0",
          "from": "type-is@1.2.0",
          "resolved": "https://registry.npmjs.org/type-is/-/type-is-1.2.0.tgz",
          "dependencies": {
            "mime": {
              "version": "1.2.11",
              "from": "mime@~1.2.11",
              "resolved": "https://registry.npmjs.org/mime/-/mime-1.2.11.tgz"
            }
          }
        },
        "cookie": {
          "version": "0.1.2",
          "from": "cookie@0.1.2",
          "resolved": "https://registry.npmjs.org/cookie/-/cookie-0.1.2.tgz"
        },
        "fresh": {
          "version": "0.2.2",
          "from": "fresh@0.2.2",
          "resolved": "https://registry.npmjs.org/fresh/-/fresh-0.2.2.tgz"
        },
        "cookie-signature": {
          "version": "1.0.3",
          "from": "cookie-signature@1.0.3",
          "resolved": "https://registry.npmjs.org/cookie-signature/-/cookie-signature-1.0.3.tgz"
        },
        "merge-descriptors": {
          "version": "0.0.2",
          "from": "merge-descriptors@0.0.2",
          "resolved": "https://registry.npmjs.org/merge-descriptors/-/merge-descriptors-0.0.2.tgz"
        },
        "utils-merge": {
          "version": "1.0.0",
          "from": "utils-merge@1.0.0",
          "resolved": "https://registry.npmjs.org/utils-merge/-/utils-merge-1.0.0.tgz"
        },
        "escape-html": {
          "version": "1.0.1",
          "from": "escape-html@1.0.1",
          "resolved": "https://registry.npmjs.org/escape-html/-/escape-html-1.0.1.tgz"
        },
        "qs": {
          "version": "0.6.6",
          "from": "qs@0.6.6",
          "resolved": "https://registry.npmjs.org/qs/-/qs-0.6.6.tgz"
        },
        "path-to-regexp": {
          "version": "0.1.2",
          "from": "path-to-regexp@0.1.2",
          "resolved": "https://registry.npmjs.org/path-to-regexp/-/path-to-regexp-0.1.2.tgz"
        },
        "debug": {
          "version": "0.8.1",
          "from": "debug@0.8.1",
          "resolved": "https://registry.npmjs.org/debug/-/debug-0.8.1.tgz"
        }
      }
    },
    "cookie-parser": {
      "version": "1.1.0",
      "from": "cookie-parser@",
      "resolved": "https://registry.npmjs.org/cookie-parser/-/cookie-parser-1.1.0.tgz",
      "dependencies": {
        "cookie": {
          "version": "0.1.2",
          "from": "cookie@0.1.2"
        },
        "cookie-signature": {
          "version": "1.0.3",
          "from": "cookie-signature@1.0.3"
        }
      }
    },
    "express-session": {
      "version": "1.2.1",
      "from": "express-session@",
      "resolved": "https://registry.npmjs.org/express-session/-/express-session-1.2.1.tgz",
      "dependencies": {
        "utils-merge": {
          "version": "1.0.0",
          "from": "utils-merge@1.0.0"
        },
        "cookie": {
          "version": "0.1.2",
          "from": "cookie@0.1.2"
        },
        "cookie-signature": {
          "version": "1.0.3",
          "from": "cookie-signature@1.0.3"
        },
        "on-headers": {
          "version": "0.0.0",
          "from": "on-headers@0.0.0",
          "resolved": "https://registry.npmjs.org/on-headers/-/on-headers-0.0.0.tgz"
        },
        "uid2": {
          "version": "0.0.3",
          "from": "uid2@0.0.3",
          "resolved": "https://registry.npmjs.org/uid2/-/uid2-0.0.3.tgz"
        },
        "buffer-crc32": {
          "version": "0.2.1",
          "from": "buffer-crc32@0.2.1"
        },
        "debug": {
          "version": "0.8.1",
          "from": "debug@0.8.1",
          "resolved": "https://registry.npmjs.org/debug/-/debug-0.8.1.tgz"
        }
      }
    },
    "mongoose": {
      "version": "3.8.12",
      "from": "mongoose@",
      "resolved": "https://registry.npmjs.org/mongoose/-/mongoose-3.8.12.tgz",
      "dependencies": {
        "mongodb": {
          "version": "1.4.5",
          "from": "mongodb@1.4.5",
          "resolved": "https://registry.npmjs.org/mongodb/-/mongodb-1.4.5.tgz",
          "dependencies": {
            "bson": {
              "version": "0.2.8",
              "from": "bson@0.2.8",
              "resolved": "https://registry.npmjs.org/bson/-/bson-0.2.8.tgz",
              "dependencies": {
                "nan": {
                  "version": "1.0.0",
                  "from": "nan@~1.0.0",
                  "resolved": "https://registry.npmjs.org/nan/-/nan-1.0.0.tgz"
                }
              }
            },
            "kerberos": {
              "version": "0.0.3",
              "from": "kerberos@0.0.3",
              "resolved": "https://registry.npmjs.org/kerberos/-/kerberos-0.0.3.tgz"
            },
            "readable-stream": {
              "version": "1.0.27-1",
              "from": "readable-stream@latest",
              "resolved": "https://registry.npmjs.org/readable-stream/-/readable-stream-1.0.27-1.tgz",
              "dependencies": {
                "core-util-is": {
                  "version": "1.0.1",
                  "from": "core-util-is@~1.0.0",
                  "resolved": "https://registry.npmjs.org/core-util-is/-/core-util-is-1.0.1.tgz"
                },
                "isarray": {
                  "version": "0.0.1",
                  "from": "isarray@0.0.1"
                },
                "string_decoder": {
                  "version": "0.10.25-1",
                  "from": "string_decoder@~0.10.x",
                  "resolved": "https://registry.npmjs.org/string_decoder/-/string_decoder-0.10.25-1.tgz"
                },
                "inherits": {
                  "version": "2.0.1",
                  "from": "inherits@~2.0.1"
                }
              }
            }
          }
        },
        "hooks": {
          "version": "0.2.1",
          "from": "hooks@0.2.1",
          "resolved": "https://registry.npmjs.org/hooks/-/hooks-0.2.1.tgz"
        },
        "ms": {
          "version": "0.1.0",
          "from": "ms@0.1.0",
          "resolved": "https://registry.npmjs.org/ms/-/ms-0.1.0.tgz"
        },
        "sliced": {
          "version": "0.0.5",
          "from": "sliced@0.0.5",
          "resolved": "https://registry.npmjs.org/sliced/-/sliced-0.0.5.tgz"
        },
        "muri": {
          "version": "0.3.1",
          "from": "muri@0.3.1",
          "resolved": "https://registry.npmjs.org/muri/-/muri-0.3.1.tgz"
        },
        "mpromise": {
          "version": "0.4.3",
          "from": "mpromise@0.4.3",
          "resolved": "https://registry.npmjs.org/mpromise/-/mpromise-0.4.3.tgz"
        },
        "mpath": {
          "version": "0.1.1",
          "from": "mpath@0.1.1",
          "resolved": "https://registry.npmjs.org/mpath/-/mpath-0.1.1.tgz"
        },
        "regexp-clone": {
          "version": "0.0.1",
          "from": "regexp-clone@0.0.1",
          "resolved": "https://registry.npmjs.org/regexp-clone/-/regexp-clone-0.0.1.tgz"
        },
        "mquery": {
          "version": "0.7.0",
          "from": "mquery@0.7.0",
          "resolved": "https://registry.npmjs.org/mquery/-/mquery-0.7.0.tgz",
          "dependencies": {
            "debug": {
              "version": "0.7.4",
              "from": "debug@0.7.4",
              "resolved": "https://registry.npmjs.org/debug/-/debug-0.7.4.tgz"
            }
          }
        }
      }
    },
    "nconf": {
      "version": "0.6.9",
      "from": "nconf@",
      "resolved": "https://registry.npmjs.org/nconf/-/nconf-0.6.9.tgz",
      "dependencies": {
        "async": {
          "version": "0.2.9",
          "from": "async@0.2.9",
          "resolved": "https://registry.npmjs.org/async/-/async-0.2.9.tgz"
        },
        "ini": {
          "version": "1.2.1",
          "from": "ini@1.x.x",
          "resolved": "https://registry.npmjs.org/ini/-/ini-1.2.1.tgz"
        },
        "optimist": {
          "version": "0.6.0",
          "from": "optimist@0.6.0",
          "resolved": "https://registry.npmjs.org/optimist/-/optimist-0.6.0.tgz",
          "dependencies": {
            "wordwrap": {
              "version": "0.0.2",
              "from": "wordwrap@~0.0.2"
            },
            "minimist": {
              "version": "0.0.10",
              "from": "minimist@~0.0.1",
              "resolved": "https://registry.npmjs.org/minimist/-/minimist-0.0.10.tgz"
            }
          }
        }
      }
    },
    "passport": {
      "version": "0.2.0",
      "from": "passport@",
      "resolved": "https://registry.npmjs.org/passport/-/passport-0.2.0.tgz",
      "dependencies": {
        "passport-strategy": {
          "version": "1.0.0",
          "from": "passport-strategy@1.x.x"
        },
        "pause": {
          "version": "0.0.1",
          "from": "pause@0.0.1",
          "resolved": "https://registry.npmjs.org/pause/-/pause-0.0.1.tgz"
        }
      }
    },
    "passport-vkontakte": {
      "version": "0.2.1",
      "from": "passport-vkontakte@",
      "resolved": "https://registry.npmjs.org/passport-vkontakte/-/passport-vkontakte-0.2.1.tgz",
      "dependencies": {
        "pkginfo": {
          "version": "0.2.3",
          "from": "pkginfo@0.2.x",
          "resolved": "https://registry.npmjs.org/pkginfo/-/pkginfo-0.2.3.tgz"
        },
        "passport-oauth2": {
          "version": "1.1.2",
          "from": "passport-oauth2@~1.1.1",
          "resolved": "https://registry.npmjs.org/passport-oauth2/-/passport-oauth2-1.1.2.tgz",
          "dependencies": {
            "passport-strategy": {
              "version": "1.0.0",
              "from": "passport-strategy@1.x.x",
              "resolved": "https://registry.npmjs.org/passport-strategy/-/passport-strategy-1.0.0.tgz"
            },
            "oauth": {
              "version": "0.9.12",
              "from": "oauth@0.9.x",
              "resolved": "https://registry.npmjs.org/oauth/-/oauth-0.9.12.tgz"
            },
            "uid2": {
              "version": "0.0.3",
              "from": "uid2@0.0.x",
              "resolved": "https://registry.npmjs.org/uid2/-/uid2-0.0.3.tgz"
            }
          }
        }
      }
    },
    "rand-token": {
      "version": "0.2.1",
      "from": "rand-token@",
      "resolved": "https://registry.npmjs.org/rand-token/-/rand-token-0.2.1.tgz"
    },
    "socket.io": {
      "version": "1.0.4",
      "from": "socket.io@",
      "resolved": "https://registry.npmjs.org/socket.io/-/socket.io-1.0.4.tgz",
      "dependencies": {
        "engine.io": {
          "version": "1.2.2",
          "from": "engine.io@1.2.2",
          "resolved": "https://registry.npmjs.org/engine.io/-/engine.io-1.2.2.tgz",
          "dependencies": {
            "debug": {
              "version": "0.6.0",
              "from": "debug@0.6.0",
              "resolved": "https://registry.npmjs.org/debug/-/debug-0.6.0.tgz"
            },
            "ws": {
              "version": "0.4.31",
              "from": "ws@0.4.31",
              "resolved": "https://registry.npmjs.org/ws/-/ws-0.4.31.tgz",
              "dependencies": {
                "commander": {
                  "version": "0.6.1",
                  "from": "commander@~0.6.1"
                },
                "nan": {
                  "version": "0.3.2",
                  "from": "nan@~0.3.0",
                  "resolved": "https://registry.npmjs.org/nan/-/nan-0.3.2.tgz"
                },
                "tinycolor": {
                  "version": "0.0.1",
                  "from": "tinycolor@0.x",
                  "resolved": "https://registry.npmjs.org/tinycolor/-/tinycolor-0.0.1.tgz"
                },
                "options": {
                  "version": "0.0.5",
                  "from": "options@>=0.0.5",
                  "resolved": "https://registry.npmjs.org/options/-/options-0.0.5.tgz"
                }
              }
            },
            "engine.io-parser": {
              "version": "1.0.6",
              "from": "engine.io-parser@1.0.6",
              "resolved": "https://registry.npmjs.org/engine.io-parser/-/engine.io-parser-1.0.6.tgz",
              "dependencies": {
                "base64-arraybuffer": {
                  "version": "0.1.2",
                  "from": "base64-arraybuffer@0.1.2",
                  "resolved": "https://registry.npmjs.org/base64-arraybuffer/-/base64-arraybuffer-0.1.2.tgz"
                },
                "after": {
                  "version": "0.8.1",
                  "from": "after@0.8.1",
                  "resolved": "https://registry.npmjs.org/after/-/after-0.8.1.tgz"
                },
                "arraybuffer.slice": {
                  "version": "0.0.6",
                  "from": "arraybuffer.slice@0.0.6",
                  "resolved": "https://registry.npmjs.org/arraybuffer.slice/-/arraybuffer.slice-0.0.6.tgz"
                },
                "blob": {
                  "version": "0.0.2",
                  "from": "blob@0.0.2",
                  "resolved": "https://registry.npmjs.org/blob/-/blob-0.0.2.tgz"
                },
                "utf8": {
                  "version": "2.0.0",
                  "from": "utf8@2.0.0",
                  "resolved": "https://registry.npmjs.org/utf8/-/utf8-2.0.0.tgz"
                }
              }
            },
            "base64id": {
              "version": "0.1.0",
              "from": "base64id@0.1.0",
              "resolved": "https://registry.npmjs.org/base64id/-/base64id-0.1.0.tgz"
            }
          }
        },
        "socket.io-parser": {
          "version": "2.2.0",
          "from": "socket.io-parser@2.2.0",
          "resolved": "https://registry.npmjs.org/socket.io-parser/-/socket.io-parser-2.2.0.tgz",
          "dependencies": {
            "json3": {
              "version": "3.2.6",
              "from": "json3@3.2.6",
              "resolved": "https://registry.npmjs.org/json3/-/json3-3.2.6.tgz"
            },
            "emitter": {
              "version": "1.0.1",
              "from": "http://github.com/component/emitter/archive/1.0.1.tar.gz",
              "resolved": "http://github.com/component/emitter/archive/1.0.1.tar.gz",
              "dependencies": {
                "indexof": {
                  "version": "0.0.1",
                  "from": "indexof@0.0.1",
                  "resolved": "https://registry.npmjs.org/indexof/-/indexof-0.0.1.tgz"
                }
              }
            },
            "isarray": {
              "version": "0.0.1",
              "from": "isarray@0.0.1",
              "resolved": "https://registry.npmjs.org/isarray/-/isarray-0.0.1.tgz"
            }
          }
        },
        "socket.io-client": {
          "version": "1.0.4",
          "from": "socket.io-client@1.0.4",
          "resolved": "https://registry.npmjs.org/socket.io-client/-/socket.io-client-1.0.4.tgz",
          "dependencies": {
            "engine.io-client": {
              "version": "1.2.2",
              "from": "engine.io-client@1.2.2",
              "resolved": "https://registry.npmjs.org/engine.io-client/-/engine.io-client-1.2.2.tgz",
              "dependencies": {
                "has-cors": {
                  "version": "1.0.3",
                  "from": "has-cors@1.0.3",
                  "resolved": "https://registry.npmjs.org/has-cors/-/has-cors-1.0.3.tgz",
                  "dependencies": {
                    "global": {
                      "version": "2.0.1",
                      "from": "https://github.com/component/global/archive/v2.0.1.tar.gz",
                      "resolved": "https://github.com/component/global/archive/v2.0.1.tar.gz"
                    }
                  }
                },
                "ws": {
                  "version": "0.4.31",
                  "from": "ws@0.4.31",
                  "resolved": "https://registry.npmjs.org/ws/-/ws-0.4.31.tgz",
                  "dependencies": {
                    "commander": {
                      "version": "0.6.1",
                      "from": "commander@~0.6.1"
                    },
                    "nan": {
                      "version": "0.3.2",
                      "from": "nan@~0.3.0",
                      "resolved": "https://registry.npmjs.org/nan/-/nan-0.3.2.tgz"
                    },
                    "tinycolor": {
                      "version": "0.0.1",
                      "from": "tinycolor@0.x",
                      "resolved": "https://registry.npmjs.org/tinycolor/-/tinycolor-0.0.1.tgz"
                    },
                    "options": {
                      "version": "0.0.5",
                      "from": "options@>=0.0.5",
                      "resolved": "https://registry.npmjs.org/options/-/options-0.0.5.tgz"
                    }
                  }
                },
                "xmlhttprequest": {
                  "version": "1.5.0",
                  "from": "https://github.com/LearnBoost/node-XMLHttpRequest/archive/0f36d0b5ebc03d85f860d42a64ae9791e1daa433.tar.gz",
                  "resolved": "https://github.com/LearnBoost/node-XMLHttpRequest/archive/0f36d0b5ebc03d85f860d42a64ae9791e1daa433.tar.gz"
                },
                "engine.io-parser": {
                  "version": "1.0.6",
                  "from": "engine.io-parser@1.0.6",
                  "resolved": "https://registry.npmjs.org/engine.io-parser/-/engine.io-parser-1.0.6.tgz",
                  "dependencies": {
                    "base64-arraybuffer": {
                      "version": "0.1.2",
                      "from": "base64-arraybuffer@0.1.2",
                      "resolved": "https://registry.npmjs.org/base64-arraybuffer/-/base64-arraybuffer-0.1.2.tgz"
                    },
                    "after": {
                      "version": "0.8.1",
                      "from": "after@0.8.1",
                      "resolved": "https://registry.npmjs.org/after/-/after-0.8.1.tgz"
                    },
                    "arraybuffer.slice": {
                      "version": "0.0.6",
                      "from": "arraybuffer.slice@0.0.6",
                      "resolved": "https://registry.npmjs.org/arraybuffer.slice/-/arraybuffer.slice-0.0.6.tgz"
                    },
                    "blob": {
                      "version": "0.0.2",
                      "from": "blob@0.0.2",
                      "resolved": "https://registry.npmjs.org/blob/-/blob-0.0.2.tgz"
                    },
                    "utf8": {
                      "version": "2.0.0",
                      "from": "utf8@2.0.0",
                      "resolved": "https://registry.npmjs.org/utf8/-/utf8-2.0.0.tgz"
                    }
                  }
                },
                "parsejson": {
                  "version": "0.0.1",
                  "from": "parsejson@0.0.1",
                  "resolved": "https://registry.npmjs.org/parsejson/-/parsejson-0.0.1.tgz",
                  "dependencies": {
                    "better-assert": {
                      "version": "1.0.0",
                      "from": "better-assert@~1.0.0",
                      "resolved": "https://registry.npmjs.org/better-assert/-/better-assert-1.0.0.tgz",
                      "dependencies": {
                        "callsite": {
                          "version": "1.0.0",
                          "from": "callsite@1.0.0",
                          "resolved": "https://registry.npmjs.org/callsite/-/callsite-1.0.0.tgz"
                        }
                      }
                    }
                  }
                },
                "parseqs": {
                  "version": "0.0.2",
                  "from": "parseqs@0.0.2",
                  "resolved": "https://registry.npmjs.org/parseqs/-/parseqs-0.0.2.tgz",
                  "dependencies": {
                    "better-assert": {
                      "version": "1.0.0",
                      "from": "better-assert@~1.0.0",
                      "resolved": "https://registry.npmjs.org/better-assert/-/better-assert-1.0.0.tgz",
                      "dependencies": {
                        "callsite": {
                          "version": "1.0.0",
                          "from": "callsite@1.0.0",
                          "resolved": "https://registry.npmjs.org/callsite/-/callsite-1.0.0.tgz"
                        }
                      }
                    }
                  }
                },
                "inherits": {
                  "version": "2.0.1",
                  "from": "inherits@2.0.1"
                }
              }
            },
            "emitter": {
              "version": "1.0.1",
              "from": "http://github.com/component/emitter/archive/1.0.1.tar.gz",
              "resolved": "http://github.com/component/emitter/archive/1.0.1.tar.gz"
            },
            "bind": {
              "version": "0.0.1",
              "from": "http://github.com/component/bind/archive/0.0.1.tar.gz",
              "resolved": "http://github.com/component/bind/archive/0.0.1.tar.gz"
            },
            "object-component": {
              "version": "0.0.3",
              "from": "object-component@0.0.3",
              "resolved": "https://registry.npmjs.org/object-component/-/object-component-0.0.3.tgz"
            },
            "parseuri": {
              "version": "0.0.2",
              "from": "parseuri@0.0.2",
              "resolved": "https://registry.npmjs.org/parseuri/-/parseuri-0.0.2.tgz",
              "dependencies": {
                "better-assert": {
                  "version": "1.0.0",
                  "from": "better-assert@~1.0.0",
                  "resolved": "https://registry.npmjs.org/better-assert/-/better-assert-1.0.0.tgz",
                  "dependencies": {
                    "callsite": {
                      "version": "1.0.0",
                      "from": "callsite@1.0.0",
                      "resolved": "https://registry.npmjs.org/callsite/-/callsite-1.0.0.tgz"
                    }
                  }
                }
              }
            },
            "to-array": {
              "version": "0.1.3",
              "from": "to-array@0.1.3",
              "resolved": "https://registry.npmjs.org/to-array/-/to-array-0.1.3.tgz"
            },
            "indexof": {
              "version": "0.0.1",
              "from": "indexof@0.0.1",
              "resolved": "https://registry.npmjs.org/indexof/-/indexof-0.0.1.tgz"
            }
          }
        },
        "socket.io-adapter": {
          "version": "0.2.0",
          "from": "socket.io-adapter@0.2.0",
          "resolved": "https://registry.npmjs.org/socket.io-adapter/-/socket.io-adapter-0.2.0.tgz",
          "dependencies": {
            "socket.io-parser": {
              "version": "2.1.2",
              "from": "socket.io-parser@2.1.2",
              "resolved": "https://registry.npmjs.org/socket.io-parser/-/socket.io-parser-2.1.2.tgz",
              "dependencies": {
                "json3": {
                  "version": "3.2.6",
                  "from": "json3@3.2.6",
                  "resolved": "https://registry.npmjs.org/json3/-/json3-3.2.6.tgz"
                },
                "emitter": {
                  "version": "1.0.1",
                  "from": "http://github.com/component/emitter/archive/1.0.1.tar.gz",
                  "resolved": "http://github.com/component/emitter/archive/1.0.1.tar.gz",
                  "dependencies": {
                    "indexof": {
                      "version": "0.0.1",
                      "from": "indexof@0.0.1",
                      "resolved": "https://registry.npmjs.org/indexof/-/indexof-0.0.1.tgz"
                    }
                  }
                },
                "isarray": {
                  "version": "0.0.1",
                  "from": "isarray@0.0.1",
                  "resolved": "https://registry.npmjs.org/isarray/-/isarray-0.0.1.tgz"
                }
              }
            }
          }
        },
        "has-binary-data": {
          "version": "0.1.1",
          "from": "has-binary-data@0.1.1",
          "resolved": "https://registry.npmjs.org/has-binary-data/-/has-binary-data-0.1.1.tgz",
          "dependencies": {
            "isarray": {
              "version": "0.0.1",
              "from": "isarray@0.0.1",
              "resolved": "https://registry.npmjs.org/isarray/-/isarray-0.0.1.tgz"
            }
          }
        },
        "debug": {
          "version": "0.7.4",
          "from": "debug@0.7.4"
        }
      }
    }
  }
}
